
Microsoft Visual Studio Solution File, Format Version 12.00
# Visual Studio Version 16
VisualStudioVersion = 16.0.30503.244
MinimumVisualStudioVersion = 10.0.40219.1
Project("{FAE04EC0-301F-11D3-BF4B-00C04F79EFBC}") = "Domain", "Domain\Domain.csproj", "{74BDD729-905D-490C-A9CF-66C2D6702106}"
EndProject
Project("{FAE04EC0-301F-11D3-BF4B-00C04F79EFBC}") = "Data", "Data\Data.csproj", "{D3F1E334-A20C-4A94-A246-BF430E99C07B}"
EndProject
Project("{2150E333-8FDC-42A3-9474-1A3956D46DE8}") = "Core", "Core", "{A816CED7-DC0F-4163-9734-EEB51300BA2E}"
EndProject
Project("{2150E333-8FDC-42A3-9474-1A3956D46DE8}") = "Inf", "Inf", "{F458F1EB-3A18-42E2-8074-AAF5B10999F9}"
EndProject
Project("{2150E333-8FDC-42A3-9474-1A3956D46DE8}") = "Web", "Web", "{AF2A0805-4D5A-4905-9F02-D84254E08376}"
EndProject
Project("{FAE04EC0-301F-11D3-BF4B-00C04F79EFBC}") = "Web", "AcademicWritingUtility.Web\Web.csproj", "{4FDAA5B5-81D0-41E4-9140-E1B09A05D429}"
EndProject
Project("{2150E333-8FDC-42A3-9474-1A3956D46DE8}") = "Services", "Services", "{F4123150-9A09-4093-A621-74F9C4C60C91}"
EndProject
Project("{FAE04EC0-301F-11D3-BF4B-00C04F79EFBC}") = "Services.App", "Services.App\Services.App.csproj", "{08AAFAF8-45E5-4DBA-B9C0-7D010FE450A9}"
EndProject
Project("{FAE04EC0-301F-11D3-BF4B-00C04F79EFBC}") = "Services.Web", "Services.Web\Services.Web.csproj", "{26B850D0-196A-4966-9A5B-C6C67BF86FDF}"
EndProject
Project("{FAE04EC0-301F-11D3-BF4B-00C04F79EFBC}") = "IoC", "IoC\IoC.csproj", "{A39087D3-14DA-423F-8A3B-10970A2B6906}"
EndProject
Project("{FAE04EC0-301F-11D3-BF4B-00C04F79EFBC}") = "Services.Common", "Services.Common\Services.Common.csproj", "{CEFE316D-F10F-4214-9901-76391E529CC0}"
EndProject
Global
	GlobalSection(SolutionConfigurationPlatforms) = preSolution
		Debug|Any CPU = Debug|Any CPU
		Release|Any CPU = Release|Any CPU
	EndGlobalSection
	GlobalSection(ProjectConfigurationPlatforms) = postSolution
		{74BDD729-905D-490C-A9CF-66C2D6702106}.Debug|Any CPU.ActiveCfg = Debug|Any CPU
		{74BDD729-905D-490C-A9CF-66C2D6702106}.Debug|Any CPU.Build.0 = Debug|Any CPU
		{74BDD729-905D-490C-A9CF-66C2D6702106}.Release|Any CPU.ActiveCfg = Release|Any CPU
		{74BDD729-905D-490C-A9CF-66C2D6702106}.Release|Any CPU.Build.0 = Release|Any CPU
		{D3F1E334-A20C-4A94-A246-BF430E99C07B}.Debug|Any CPU.ActiveCfg = Debug|Any CPU
		{D3F1E334-A20C-4A94-A246-BF430E99C07B}.Debug|Any CPU.Build.0 = Debug|Any CPU
		{D3F1E334-A20C-4A94-A246-BF430E99C07B}.Release|Any CPU.ActiveCfg = Release|Any CPU
		{D3F1E334-A20C-4A94-A246-BF430E99C07B}.Release|Any CPU.Build.0 = Release|Any CPU
		{4FDAA5B5-81D0-41E4-9140-E1B09A05D429}.Debug|Any CPU.ActiveCfg = Debug|Any CPU
		{4FDAA5B5-81D0-41E4-9140-E1B09A05D429}.Debug|Any CPU.Build.0 = Debug|Any CPU
		{4FDAA5B5-81D0-41E4-9140-E1B09A05D429}.Release|Any CPU.ActiveCfg = Release|Any CPU
		{4FDAA5B5-81D0-41E4-9140-E1B09A05D429}.Release|Any CPU.Build.0 = Release|Any CPU
		{08AAFAF8-45E5-4DBA-B9C0-7D010FE450A9}.Debug|Any CPU.ActiveCfg = Debug|Any CPU
		{08AAFAF8-45E5-4DBA-B9C0-7D010FE450A9}.Debug|Any CPU.Build.0 = Debug|Any CPU
		{08AAFAF8-45E5-4DBA-B9C0-7D010FE450A9}.Release|Any CPU.ActiveCfg = Release|Any CPU
		{08AAFAF8-45E5-4DBA-B9C0-7D010FE450A9}.Release|Any CPU.Build.0 = Release|Any CPU
		{26B850D0-196A-4966-9A5B-C6C67BF86FDF}.Debug|Any CPU.ActiveCfg = Debug|Any CPU
		{26B850D0-196A-4966-9A5B-C6C67BF86FDF}.Debug|Any CPU.Build.0 = Debug|Any CPU
		{26B850D0-196A-4966-9A5B-C6C67BF86FDF}.Release|Any CPU.ActiveCfg = Release|Any CPU
		{26B850D0-196A-4966-9A5B-C6C67BF86FDF}.Release|Any CPU.Build.0 = Release|Any CPU
		{A39087D3-14DA-423F-8A3B-10970A2B6906}.Debug|Any CPU.ActiveCfg = Debug|Any CPU
		{A39087D3-14DA-423F-8A3B-10970A2B6906}.Debug|Any CPU.Build.0 = Debug|Any CPU
		{A39087D3-14DA-423F-8A3B-10970A2B6906}.Release|Any CPU.ActiveCfg = Release|Any CPU
		{A39087D3-14DA-423F-8A3B-10970A2B6906}.Release|Any CPU.Build.0 = Release|Any CPU
		{CEFE316D-F10F-4214-9901-76391E529CC0}.Debug|Any CPU.ActiveCfg = Debug|Any CPU
		{CEFE316D-F10F-4214-9901-76391E529CC0}.Debug|Any CPU.Build.0 = Debug|Any CPU
		{CEFE316D-F10F-4214-9901-76391E529CC0}.Release|Any CPU.ActiveCfg = Release|Any CPU
		{CEFE316D-F10F-4214-9901-76391E529CC0}.Release|Any CPU.Build.0 = Release|Any CPU
	EndGlobalSection
	GlobalSection(SolutionProperties) = preSolution
		HideSolutionNode = FALSE
	EndGlobalSection
	GlobalSection(NestedProjects) = preSolution
		{74BDD729-905D-490C-A9CF-66C2D6702106} = {A816CED7-DC0F-4163-9734-EEB51300BA2E}
		{D3F1E334-A20C-4A94-A246-BF430E99C07B} = {F458F1EB-3A18-42E2-8074-AAF5B10999F9}
		{4FDAA5B5-81D0-41E4-9140-E1B09A05D429} = {AF2A0805-4D5A-4905-9F02-D84254E08376}
		{08AAFAF8-45E5-4DBA-B9C0-7D010FE450A9} = {F4123150-9A09-4093-A621-74F9C4C60C91}
		{26B850D0-196A-4966-9A5B-C6C67BF86FDF} = {F4123150-9A09-4093-A621-74F9C4C60C91}
		{CEFE316D-F10F-4214-9901-76391E529CC0} = {F4123150-9A09-4093-A621-74F9C4C60C91}
	EndGlobalSection
	GlobalSection(ExtensibilityGlobals) = postSolution
		SolutionGuid = {52A8B831-40FE-4D8A-96F1-A64C69C8D99C}
	EndGlobalSection
EndGlobal
